
Microsoft Visual Studio Solution File, Format Version 12.00
# Visual Studio Version 17
VisualStudioVersion = 17.12.35527.113 d17.12
MinimumVisualStudioVersion = 10.0.40219.1
Project("{FAE04EC0-301F-11D3-BF4B-00C04F79EFBC}") = "CQRSDemoProjectNight", "CQRSDemoProjectNight\CQRSDemoProjectNight.csproj", "{27820750-2200-4172-A466-F0C62D4E969C}"
EndProject
Global
	GlobalSection(SolutionConfigurationPlatforms) = preSolution
		Debug|Any CPU = Debug|Any CPU
		Release|Any CPU = Release|Any CPU
	EndGlobalSection
	GlobalSection(ProjectConfigurationPlatforms) = postSolution
		{27820750-2200-4172-A466-F0C62D4E969C}.Debug|Any CPU.ActiveCfg = Debug|Any CPU
		{27820750-2200-4172-A466-F0C62D4E969C}.Debug|Any CPU.Build.0 = Debug|Any CPU
		{27820750-2200-4172-A466-F0C62D4E969C}.Release|Any CPU.ActiveCfg = Release|Any CPU
		{27820750-2200-4172-A466-F0C62D4E969C}.Release|Any CPU.Build.0 = Release|Any CPU
	EndGlobalSection
	GlobalSection(SolutionProperties) = preSolution
		HideSolutionNode = FALSE
	EndGlobalSection
EndGlobal
